
Microsoft Visual Studio Solution File, Format Version 12.00
# Visual Studio Version 16
VisualStudioVersion = 16.0.30804.86
MinimumVisualStudioVersion = 10.0.40219.1
Project("{8BC9CEB8-8B4A-11D0-8D11-00A0C91BC942}") = "ConsoleApplication1", "ConsoleApplication1.vcxproj", "{6278ACD3-2D76-4B00-B470-D6DD83AEE2FF}"
EndProject
Global
	GlobalSection(SolutionConfigurationPlatforms) = preSolution
		Debug|x64 = Debug|x64
		Debug|x86 = Debug|x86
		Release|x64 = Release|x64
		Release|x86 = Release|x86
	EndGlobalSection
	GlobalSection(ProjectConfigurationPlatforms) = postSolution
		{6278ACD3-2D76-4B00-B470-D6DD83AEE2FF}.Debug|x64.ActiveCfg = Debug|x64
		{6278ACD3-2D76-4B00-B470-D6DD83AEE2FF}.Debug|x64.Build.0 = Debug|x64
		{6278ACD3-2D76-4B00-B470-D6DD83AEE2FF}.Debug|x86.ActiveCfg = Debug|Win32
		{6278ACD3-2D76-4B00-B470-D6DD83AEE2FF}.Debug|x86.Build.0 = Debug|Win32
		{6278ACD3-2D76-4B00-B470-D6DD83AEE2FF}.Release|x64.ActiveCfg = Release|x64
		{6278ACD3-2D76-4B00-B470-D6DD83AEE2FF}.Release|x64.Build.0 = Release|x64
		{6278ACD3-2D76-4B00-B470-D6DD83AEE2FF}.Release|x86.ActiveCfg = Release|Win32
		{6278ACD3-2D76-4B00-B470-D6DD83AEE2FF}.Release|x86.Build.0 = Release|Win32
	EndGlobalSection
	GlobalSection(SolutionProperties) = preSolution
		HideSolutionNode = FALSE
	EndGlobalSection
	GlobalSection(ExtensibilityGlobals) = postSolution
		SolutionGuid = {3B4DE0CD-00CC-4629-AA9A-BF92ED80C970}
	EndGlobalSection
EndGlobal
