
Microsoft Visual Studio Solution File, Format Version 12.00
# Visual Studio Version 16
VisualStudioVersion = 16.0.31829.152
MinimumVisualStudioVersion = 10.0.40219.1
Project("{8BC9CEB8-8B4A-11D0-8D11-00A0C91BC942}") = "ConsoleApplication1", "ConsoleApplication1.vcxproj", "{D6724CD4-0E62-49E3-8E0D-A86A3C82E495}"
EndProject
Global
	GlobalSection(SolutionConfigurationPlatforms) = preSolution
		Debug|x64 = Debug|x64
		Debug|x86 = Debug|x86
		Release|x64 = Release|x64
		Release|x86 = Release|x86
	EndGlobalSection
	GlobalSection(ProjectConfigurationPlatforms) = postSolution
		{D6724CD4-0E62-49E3-8E0D-A86A3C82E495}.Debug|x64.ActiveCfg = Debug|x64
		{D6724CD4-0E62-49E3-8E0D-A86A3C82E495}.Debug|x64.Build.0 = Debug|x64
		{D6724CD4-0E62-49E3-8E0D-A86A3C82E495}.Debug|x86.ActiveCfg = Debug|Win32
		{D6724CD4-0E62-49E3-8E0D-A86A3C82E495}.Debug|x86.Build.0 = Debug|Win32
		{D6724CD4-0E62-49E3-8E0D-A86A3C82E495}.Release|x64.ActiveCfg = Release|x64
		{D6724CD4-0E62-49E3-8E0D-A86A3C82E495}.Release|x64.Build.0 = Release|x64
		{D6724CD4-0E62-49E3-8E0D-A86A3C82E495}.Release|x86.ActiveCfg = Release|Win32
		{D6724CD4-0E62-49E3-8E0D-A86A3C82E495}.Release|x86.Build.0 = Release|Win32
	EndGlobalSection
	GlobalSection(SolutionProperties) = preSolution
		HideSolutionNode = FALSE
	EndGlobalSection
	GlobalSection(ExtensibilityGlobals) = postSolution
		SolutionGuid = {FB093403-BEFD-4D6E-BA06-EB6811D8264B}
	EndGlobalSection
EndGlobal
